
Microsoft Visual Studio Solution File, Format Version 12.00
# Visual Studio Version 17
VisualStudioVersion = 17.11.35327.3
MinimumVisualStudioVersion = 10.0.40219.1
Project("{9A19103F-16F7-4668-BE54-9A1E7A4F7556}") = "Car2Go", "Car2Go.csproj", "{B03D3022-9943-4950-901E-5020C5992A74}"
EndProject
Project("{FAE04EC0-301F-11D3-BF4B-00C04F79EFBC}") = "Car2Go.TestProject", "..\Car2Go.TestProject\Car2Go.TestProject.csproj", "{54D06DED-2048-498C-A7C0-DA2654ACEF3F}"
EndProject
Global
	GlobalSection(SolutionConfigurationPlatforms) = preSolution
		Debug|Any CPU = Debug|Any CPU
		Release|Any CPU = Release|Any CPU
	EndGlobalSection
	GlobalSection(ProjectConfigurationPlatforms) = postSolution
		{B03D3022-9943-4950-901E-5020C5992A74}.Debug|Any CPU.ActiveCfg = Debug|Any CPU
		{B03D3022-9943-4950-901E-5020C5992A74}.Debug|Any CPU.Build.0 = Debug|Any CPU
		{B03D3022-9943-4950-901E-5020C5992A74}.Release|Any CPU.ActiveCfg = Release|Any CPU
		{B03D3022-9943-4950-901E-5020C5992A74}.Release|Any CPU.Build.0 = Release|Any CPU
		{54D06DED-2048-498C-A7C0-DA2654ACEF3F}.Debug|Any CPU.ActiveCfg = Debug|Any CPU
		{54D06DED-2048-498C-A7C0-DA2654ACEF3F}.Debug|Any CPU.Build.0 = Debug|Any CPU
		{54D06DED-2048-498C-A7C0-DA2654ACEF3F}.Release|Any CPU.ActiveCfg = Release|Any CPU
		{54D06DED-2048-498C-A7C0-DA2654ACEF3F}.Release|Any CPU.Build.0 = Release|Any CPU
	EndGlobalSection
	GlobalSection(SolutionProperties) = preSolution
		HideSolutionNode = FALSE
	EndGlobalSection
	GlobalSection(ExtensibilityGlobals) = postSolution
		SolutionGuid = {14E749FF-3DD2-432A-AB61-49A17228E827}
	EndGlobalSection
EndGlobal
